
Microsoft Visual Studio Solution File, Format Version 12.00
# Visual Studio Version 17
VisualStudioVersion = 17.4.33205.214
MinimumVisualStudioVersion = 10.0.40219.1
Project("{FAE04EC0-301F-11D3-BF4B-00C04F79EFBC}") = "todolist web api", "todolist web api\todolist web api.csproj", "{4BE21349-6632-4634-9AEA-1FA932D9599A}"
EndProject
Global
	GlobalSection(SolutionConfigurationPlatforms) = preSolution
		Debug|Any CPU = Debug|Any CPU
		Release|Any CPU = Release|Any CPU
	EndGlobalSection
	GlobalSection(ProjectConfigurationPlatforms) = postSolution
		{4BE21349-6632-4634-9AEA-1FA932D9599A}.Debug|Any CPU.ActiveCfg = Debug|Any CPU
		{4BE21349-6632-4634-9AEA-1FA932D9599A}.Debug|Any CPU.Build.0 = Debug|Any CPU
		{4BE21349-6632-4634-9AEA-1FA932D9599A}.Release|Any CPU.ActiveCfg = Release|Any CPU
		{4BE21349-6632-4634-9AEA-1FA932D9599A}.Release|Any CPU.Build.0 = Release|Any CPU
	EndGlobalSection
	GlobalSection(SolutionProperties) = preSolution
		HideSolutionNode = FALSE
	EndGlobalSection
	GlobalSection(ExtensibilityGlobals) = postSolution
		SolutionGuid = {F3A1DE68-CE86-4616-A2C6-0FC70EAFDA1C}
	EndGlobalSection
EndGlobal
